<?xml version="1.0" encoding="utf-8"?>
<Project ToolsVersion="4.0" xmlns="http://schemas.microsoft.com/developer/msbuild/2003">
  <ItemGroup>
    <Filter Include="Source Files">
      <UniqueIdentifier>{4FC737F1-C7A5-4376-A066-2A32D752A2FF}</UniqueIdentifier>
      <Extensions>cpp;c;cc;cxx;c++;cppm;ixx;def;odl;idl;hpj;bat;asm;asmx</Extensions>
    </Filter>
    <Filter Include="Header Files">
      <UniqueIdentifier>{93995380-89BD-4b04-88EB-625FBE52EBFB}</UniqueIdentifier>
      <Extensions>h;hh;hpp;hxx;h++;hm;inl;inc;ipp;xsd</Extensions>
    </Filter>
    <Filter Include="Resource Files">
      <UniqueIdentifier>{67DA6AB6-F800-4c08-8B7A-83BB121AAD01}</UniqueIdentifier>
      <Extensions>rc;ico;cur;bmp;dlg;rc2;rct;bin;rgs;gif;jpg;jpeg;jpe;resx;tiff;tif;png;wav;mfcribbon-ms</Extensions>
    </Filter>
  </ItemGroup>
  <ItemGroup>
    <ClInclude Include="include\nlohmann\adl_serializer.hpp">
      <Filter>Header Files</Filter>
    </ClInclude>
    <ClInclude Include="include\nlohmann\byte_container_with_subtype.hpp">
      <Filter>Header Files</Filter>
    </ClInclude>
    <ClInclude Include="include\nlohmann\json.hpp">
      <Filter>Header Files</Filter>
    </ClInclude>
    <ClInclude Include="include\nlohmann\json_fwd.hpp">
      <Filter>Header Files</Filter>
    </ClInclude>
    <ClInclude Include="include\nlohmann\ordered_map.hpp">
      <Filter>Header Files</Filter>
    </ClInclude>
    <ClInclude Include="include\nlohmann\detail\abi_macros.hpp">
      <Filter>Header Files</Filter>
    </ClInclude>
    <ClInclude Include="include\nlohmann\detail\exceptions.hpp">
      <Filter>Header Files</Filter>
    </ClInclude>
    <ClInclude Include="include\nlohmann\detail\hash.hpp">
      <Filter>Header Files</Filter>
    </ClInclude>
    <ClInclude Include="include\nlohmann\detail\json_custom_base_class.hpp">
      <Filter>Header Files</Filter>
    </ClInclude>
    <ClInclude Include="include\nlohmann\detail\json_pointer.hpp">
      <Filter>Header Files</Filter>
    </ClInclude>
    <ClInclude Include="include\nlohmann\detail\json_ref.hpp">
      <Filter>Header Files</Filter>
    </ClInclude>
    <ClInclude Include="include\nlohmann\detail\macro_scope.hpp">
      <Filter>Header Files</Filter>
    </ClInclude>
    <ClInclude Include="include\nlohmann\detail\macro_unscope.hpp">
      <Filter>Header Files</Filter>
    </ClInclude>
    <ClInclude Include="include\nlohmann\detail\string_concat.hpp">
      <Filter>Header Files</Filter>
    </ClInclude>
    <ClInclude Include="include\nlohmann\detail\string_escape.hpp">
      <Filter>Header Files</Filter>
    </ClInclude>
    <ClInclude Include="include\nlohmann\detail\string_utils.hpp">
      <Filter>Header Files</Filter>
    </ClInclude>
    <ClInclude Include="include\nlohmann\detail\value_t.hpp">
      <Filter>Header Files</Filter>
    </ClInclude>
    <ClInclude Include="include\nlohmann\detail\conversions\from_json.hpp">
      <Filter>Header Files</Filter>
    </ClInclude>
    <ClInclude Include="include\nlohmann\detail\conversions\to_chars.hpp">
      <Filter>Header Files</Filter>
    </ClInclude>
    <ClInclude Include="include\nlohmann\detail\conversions\to_json.hpp">
      <Filter>Header Files</Filter>
    </ClInclude>
    <ClInclude Include="include\nlohmann\detail\input\binary_reader.hpp">
      <Filter>Header Files</Filter>
    </ClInclude>
    <ClInclude Include="include\nlohmann\detail\input\input_adapters.hpp">
      <Filter>Header Files</Filter>
    </ClInclude>
    <ClInclude Include="include\nlohmann\detail\input\json_sax.hpp">
      <Filter>Header Files</Filter>
    </ClInclude>
    <ClInclude Include="include\nlohmann\detail\input\lexer.hpp">
      <Filter>Header Files</Filter>
    </ClInclude>
    <ClInclude Include="include\nlohmann\detail\input\parser.hpp">
      <Filter>Header Files</Filter>
    </ClInclude>
    <ClInclude Include="include\nlohmann\detail\input\position_t.hpp">
      <Filter>Header Files</Filter>
    </ClInclude>
    <ClInclude Include="include\nlohmann\detail\iterators\internal_iterator.hpp">
      <Filter>Header Files</Filter>
    </ClInclude>
    <ClInclude Include="include\nlohmann\detail\iterators\iter_impl.hpp">
      <Filter>Header Files</Filter>
    </ClInclude>
    <ClInclude Include="include\nlohmann\detail\iterators\iteration_proxy.hpp">
      <Filter>Header Files</Filter>
    </ClInclude>
    <ClInclude Include="include\nlohmann\detail\iterators\iterator_traits.hpp">
      <Filter>Header Files</Filter>
    </ClInclude>
    <ClInclude Include="include\nlohmann\detail\iterators\json_reverse_iterator.hpp">
      <Filter>Header Files</Filter>
    </ClInclude>
    <ClInclude Include="include\nlohmann\detail\iterators\primitive_iterator.hpp">
      <Filter>Header Files</Filter>
    </ClInclude>
    <ClInclude Include="include\nlohmann\detail\meta\call_std\begin.hpp">
      <Filter>Header Files</Filter>
    </ClInclude>
    <ClInclude Include="include\nlohmann\detail\meta\call_std\end.hpp">
      <Filter>Header Files</Filter>
    </ClInclude>
    <ClInclude Include="include\nlohmann\detail\meta\cpp_future.hpp">
      <Filter>Header Files</Filter>
    </ClInclude>
    <ClInclude Include="include\nlohmann\detail\meta\detected.hpp">
      <Filter>Header Files</Filter>
    </ClInclude>
    <ClInclude Include="include\nlohmann\detail\meta\identity_tag.hpp">
      <Filter>Header Files</Filter>
    </ClInclude>
    <ClInclude Include="include\nlohmann\detail\meta\is_sax.hpp">
      <Filter>Header Files</Filter>
    </ClInclude>
    <ClInclude Include="include\nlohmann\detail\meta\std_fs.hpp">
      <Filter>Header Files</Filter>
    </ClInclude>
    <ClInclude Include="include\nlohmann\detail\meta\type_traits.hpp">
      <Filter>Header Files</Filter>
    </ClInclude>
    <ClInclude Include="include\nlohmann\detail\meta\void_t.hpp">
      <Filter>Header Files</Filter>
    </ClInclude>
    <ClInclude Include="include\nlohmann\detail\output\binary_writer.hpp">
      <Filter>Header Files</Filter>
    </ClInclude>
    <ClInclude Include="include\nlohmann\detail\output\output_adapters.hpp">
      <Filter>Header Files</Filter>
    </ClInclude>
    <ClInclude Include="include\nlohmann\detail\output\serializer.hpp">
      <Filter>Header Files</Filter>
    </ClInclude>
    <ClInclude Include="include\nlohmann\thirdparty\hedley\hedley.hpp">
      <Filter>Header Files</Filter>
    </ClInclude>
    <ClInclude Include="include\nlohmann\thirdparty\hedley\hedley_undef.hpp">
      <Filter>Header Files</Filter>
    </ClInclude>
    <ClInclude Include="src\lib\vauth\digest.h">
      <Filter>Header Files</Filter>
    </ClInclude>
    <ClInclude Include="src\lib\vauth\vauth.h">
      <Filter>Header Files</Filter>
    </ClInclude>
    <ClInclude Include="src\lib\vquic\curl_msh3.h">
      <Filter>Header Files</Filter>
    </ClInclude>
    <ClInclude Include="src\lib\vquic\curl_ngtcp2.h">
      <Filter>Header Files</Filter>
    </ClInclude>
    <ClInclude Include="src\lib\vquic\curl_osslq.h">
      <Filter>Header Files</Filter>
    </ClInclude>
    <ClInclude Include="src\lib\vquic\curl_quiche.h">
      <Filter>Header Files</Filter>
    </ClInclude>
    <ClInclude Include="src\lib\vquic\vquic.h">
      <Filter>Header Files</Filter>
    </ClInclude>
    <ClInclude Include="src\lib\vquic\vquic_int.h">
      <Filter>Header Files</Filter>
    </ClInclude>
    <ClInclude Include="src\lib\vquic\vquic-tls.h">
      <Filter>Header Files</Filter>
    </ClInclude>
    <ClInclude Include="src\lib\vssh\curl_path.h">
      <Filter>Header Files</Filter>
    </ClInclude>
    <ClInclude Include="src\lib\vssh\ssh.h">
      <Filter>Header Files</Filter>
    </ClInclude>
    <ClInclude Include="src\lib\vtls\bearssl.h">
      <Filter>Header Files</Filter>
    </ClInclude>
    <ClInclude Include="src\lib\vtls\cipher_suite.h">
      <Filter>Header Files</Filter>
    </ClInclude>
    <ClInclude Include="src\lib\vtls\gtls.h">
      <Filter>Header Files</Filter>
    </ClInclude>
    <ClInclude Include="src\lib\vtls\hostcheck.h">
      <Filter>Header Files</Filter>
    </ClInclude>
    <ClInclude Include="src\lib\vtls\keylog.h">
      <Filter>Header Files</Filter>
    </ClInclude>
    <ClInclude Include="src\lib\vtls\mbedtls.h">
      <Filter>Header Files</Filter>
    </ClInclude>
    <ClInclude Include="src\lib\vtls\mbedtls_threadlock.h">
      <Filter>Header Files</Filter>
    </ClInclude>
    <ClInclude Include="src\lib\vtls\openssl.h">
      <Filter>Header Files</Filter>
    </ClInclude>
    <ClInclude Include="src\lib\vtls\rustls.h">
      <Filter>Header Files</Filter>
    </ClInclude>
    <ClInclude Include="src\lib\vtls\schannel.h">
      <Filter>Header Files</Filter>
    </ClInclude>
    <ClInclude Include="src\lib\vtls\schannel_int.h">
      <Filter>Header Files</Filter>
    </ClInclude>
    <ClInclude Include="src\lib\vtls\sectransp.h">
      <Filter>Header Files</Filter>
    </ClInclude>
    <ClInclude Include="src\lib\vtls\vtls.h">
      <Filter>Header Files</Filter>
    </ClInclude>
    <ClInclude Include="src\lib\vtls\vtls_int.h">
      <Filter>Header Files</Filter>
    </ClInclude>
    <ClInclude Include="src\lib\vtls\vtls_scache.h">
      <Filter>Header Files</Filter>
    </ClInclude>
    <ClInclude Include="src\lib\vtls\vtls_spack.h">
      <Filter>Header Files</Filter>
    </ClInclude>
    <ClInclude Include="src\lib\vtls\wolfssl.h">
      <Filter>Header Files</Filter>
    </ClInclude>
    <ClInclude Include="src\lib\vtls\x509asn1.h">
      <Filter>Header Files</Filter>
    </ClInclude>
    <ClInclude Include="src\lib\altsvc.h">
      <Filter>Header Files</Filter>
    </ClInclude>
    <ClInclude Include="src\lib\amigaos.h">
      <Filter>Header Files</Filter>
    </ClInclude>
    <ClInclude Include="src\lib\arpa_telnet.h">
      <Filter>Header Files</Filter>
    </ClInclude>
    <ClInclude Include="src\lib\asyn.h">
      <Filter>Header Files</Filter>
    </ClInclude>
    <ClInclude Include="src\lib\bufq.h">
      <Filter>Header Files</Filter>
    </ClInclude>
    <ClInclude Include="src\lib\bufref.h">
      <Filter>Header Files</Filter>
    </ClInclude>
    <ClInclude Include="src\lib\cf-h1-proxy.h">
      <Filter>Header Files</Filter>
    </ClInclude>
    <ClInclude Include="src\lib\cf-h2-proxy.h">
      <Filter>Header Files</Filter>
    </ClInclude>
    <ClInclude Include="src\lib\cf-haproxy.h">
      <Filter>Header Files</Filter>
    </ClInclude>
    <ClInclude Include="src\lib\cf-https-connect.h">
      <Filter>Header Files</Filter>
    </ClInclude>
    <ClInclude Include="src\lib\cfilters.h">
      <Filter>Header Files</Filter>
    </ClInclude>
    <ClInclude Include="src\lib\cf-socket.h">
      <Filter>Header Files</Filter>
    </ClInclude>
    <ClInclude Include="src\lib\config-mac.h">
      <Filter>Header Files</Filter>
    </ClInclude>
    <ClInclude Include="src\lib\config-os400.h">
      <Filter>Header Files</Filter>
    </ClInclude>
    <ClInclude Include="src\lib\config-plan9.h">
      <Filter>Header Files</Filter>
    </ClInclude>
    <ClInclude Include="src\lib\config-riscos.h">
      <Filter>Header Files</Filter>
    </ClInclude>
    <ClInclude Include="src\lib\config-win32.h">
      <Filter>Header Files</Filter>
    </ClInclude>
    <ClInclude Include="src\lib\conncache.h">
      <Filter>Header Files</Filter>
    </ClInclude>
    <ClInclude Include="src\lib\connect.h">
      <Filter>Header Files</Filter>
    </ClInclude>
    <ClInclude Include="src\lib\content_encoding.h">
      <Filter>Header Files</Filter>
    </ClInclude>
    <ClInclude Include="src\lib\cookie.h">
      <Filter>Header Files</Filter>
    </ClInclude>
    <ClInclude Include="src\lib\cshutdn.h">
      <Filter>Header Files</Filter>
    </ClInclude>
    <ClInclude Include="src\lib\curl_addrinfo.h">
      <Filter>Header Files</Filter>
    </ClInclude>
    <ClInclude Include="src\lib\curl_base64.h">
      <Filter>Header Files</Filter>
    </ClInclude>
    <ClInclude Include="src\lib\curl_ctype.h">
      <Filter>Header Files</Filter>
    </ClInclude>
    <ClInclude Include="src\lib\curl_des.h">
      <Filter>Header Files</Filter>
    </ClInclude>
    <ClInclude Include="src\lib\curl_endian.h">
      <Filter>Header Files</Filter>
    </ClInclude>
    <ClInclude Include="src\lib\curl_fnmatch.h">
      <Filter>Header Files</Filter>
    </ClInclude>
    <ClInclude Include="src\lib\curl_get_line.h">
      <Filter>Header Files</Filter>
    </ClInclude>
    <ClInclude Include="src\lib\curl_gethostname.h">
      <Filter>Header Files</Filter>
    </ClInclude>
    <ClInclude Include="src\lib\curl_gssapi.h">
      <Filter>Header Files</Filter>
    </ClInclude>
    <ClInclude Include="src\lib\curl_hmac.h">
      <Filter>Header Files</Filter>
    </ClInclude>
    <ClInclude Include="src\lib\curl_krb5.h">
      <Filter>Header Files</Filter>
    </ClInclude>
    <ClInclude Include="src\lib\curl_ldap.h">
      <Filter>Header Files</Filter>
    </ClInclude>
    <ClInclude Include="src\lib\curl_md4.h">
      <Filter>Header Files</Filter>
    </ClInclude>
    <ClInclude Include="src\lib\curl_md5.h">
      <Filter>Header Files</Filter>
    </ClInclude>
    <ClInclude Include="src\lib\curl_memory.h">
      <Filter>Header Files</Filter>
    </ClInclude>
    <ClInclude Include="src\lib\curl_memrchr.h">
      <Filter>Header Files</Filter>
    </ClInclude>
    <ClInclude Include="src\lib\curl_multibyte.h">
      <Filter>Header Files</Filter>
    </ClInclude>
    <ClInclude Include="src\lib\curl_ntlm_core.h">
      <Filter>Header Files</Filter>
    </ClInclude>
    <ClInclude Include="src\lib\curl_printf.h">
      <Filter>Header Files</Filter>
    </ClInclude>
    <ClInclude Include="src\lib\curl_range.h">
      <Filter>Header Files</Filter>
    </ClInclude>
    <ClInclude Include="src\lib\curl_rtmp.h">
      <Filter>Header Files</Filter>
    </ClInclude>
    <ClInclude Include="src\lib\curl_sasl.h">
      <Filter>Header Files</Filter>
    </ClInclude>
    <ClInclude Include="src\lib\curl_setup.h">
      <Filter>Header Files</Filter>
    </ClInclude>
    <ClInclude Include="src\lib\curl_setup_once.h">
      <Filter>Header Files</Filter>
    </ClInclude>
    <ClInclude Include="src\lib\curl_sha256.h">
      <Filter>Header Files</Filter>
    </ClInclude>
    <ClInclude Include="src\lib\curl_sha512_256.h">
      <Filter>Header Files</Filter>
    </ClInclude>
    <ClInclude Include="src\lib\curl_sspi.h">
      <Filter>Header Files</Filter>
    </ClInclude>
    <ClInclude Include="src\lib\curl_threads.h">
      <Filter>Header Files</Filter>
    </ClInclude>
    <ClInclude Include="src\lib\curl_trc.h">
      <Filter>Header Files</Filter>
    </ClInclude>
    <ClInclude Include="src\lib\curlx.h">
      <Filter>Header Files</Filter>
    </ClInclude>
    <ClInclude Include="src\lib\cw-out.h">
      <Filter>Header Files</Filter>
    </ClInclude>
    <ClInclude Include="src\lib\cw-pause.h">
      <Filter>Header Files</Filter>
    </ClInclude>
    <ClInclude Include="src\lib\dict.h">
      <Filter>Header Files</Filter>
    </ClInclude>
    <ClInclude Include="src\lib\doh.h">
      <Filter>Header Files</Filter>
    </ClInclude>
    <ClInclude Include="src\lib\dynbuf.h">
      <Filter>Header Files</Filter>
    </ClInclude>
    <ClInclude Include="src\lib\dynhds.h">
      <Filter>Header Files</Filter>
    </ClInclude>
    <ClInclude Include="src\lib\easy_lock.h">
      <Filter>Header Files</Filter>
    </ClInclude>
    <ClInclude Include="src\lib\easyif.h">
      <Filter>Header Files</Filter>
    </ClInclude>
    <ClInclude Include="src\lib\easyoptions.h">
      <Filter>Header Files</Filter>
    </ClInclude>
    <ClInclude Include="src\lib\escape.h">
      <Filter>Header Files</Filter>
    </ClInclude>
    <ClInclude Include="src\lib\file.h">
      <Filter>Header Files</Filter>
    </ClInclude>
    <ClInclude Include="src\lib\fileinfo.h">
      <Filter>Header Files</Filter>
    </ClInclude>
    <ClInclude Include="src\lib\fopen.h">
      <Filter>Header Files</Filter>
    </ClInclude>
    <ClInclude Include="src\lib\formdata.h">
      <Filter>Header Files</Filter>
    </ClInclude>
    <ClInclude Include="src\lib\ftp.h">
      <Filter>Header Files</Filter>
    </ClInclude>
    <ClInclude Include="src\lib\ftplistparser.h">
      <Filter>Header Files</Filter>
    </ClInclude>
    <ClInclude Include="src\lib\functypes.h">
      <Filter>Header Files</Filter>
    </ClInclude>
    <ClInclude Include="src\lib\getinfo.h">
      <Filter>Header Files</Filter>
    </ClInclude>
    <ClInclude Include="src\lib\gopher.h">
      <Filter>Header Files</Filter>
    </ClInclude>
    <ClInclude Include="src\lib\hash.h">
      <Filter>Header Files</Filter>
    </ClInclude>
    <ClInclude Include="src\lib\hash_offt.h">
      <Filter>Header Files</Filter>
    </ClInclude>
    <ClInclude Include="src\lib\headers.h">
      <Filter>Header Files</Filter>
    </ClInclude>
    <ClInclude Include="src\lib\hostip.h">
      <Filter>Header Files</Filter>
    </ClInclude>
    <ClInclude Include="src\lib\hsts.h">
      <Filter>Header Files</Filter>
    </ClInclude>
    <ClInclude Include="src\lib\http.h">
      <Filter>Header Files</Filter>
    </ClInclude>
    <ClInclude Include="src\lib\http_aws_sigv4.h">
      <Filter>Header Files</Filter>
    </ClInclude>
    <ClInclude Include="src\lib\http_chunks.h">
      <Filter>Header Files</Filter>
    </ClInclude>
    <ClInclude Include="src\lib\http_digest.h">
      <Filter>Header Files</Filter>
    </ClInclude>
    <ClInclude Include="src\lib\http_negotiate.h">
      <Filter>Header Files</Filter>
    </ClInclude>
    <ClInclude Include="src\lib\http_ntlm.h">
      <Filter>Header Files</Filter>
    </ClInclude>
    <ClInclude Include="src\lib\http_proxy.h">
      <Filter>Header Files</Filter>
    </ClInclude>
    <ClInclude Include="src\lib\http1.h">
      <Filter>Header Files</Filter>
    </ClInclude>
    <ClInclude Include="src\lib\http2.h">
      <Filter>Header Files</Filter>
    </ClInclude>
    <ClInclude Include="src\lib\httpsrr.h">
      <Filter>Header Files</Filter>
    </ClInclude>
    <ClInclude Include="src\lib\idn.h">
      <Filter>Header Files</Filter>
    </ClInclude>
    <ClInclude Include="src\lib\if2ip.h">
      <Filter>Header Files</Filter>
    </ClInclude>
    <ClInclude Include="src\lib\imap.h">
      <Filter>Header Files</Filter>
    </ClInclude>
    <ClInclude Include="src\lib\inet_ntop.h">
      <Filter>Header Files</Filter>
    </ClInclude>
    <ClInclude Include="src\lib\inet_pton.h">
      <Filter>Header Files</Filter>
    </ClInclude>
    <ClInclude Include="src\lib\llist.h">
      <Filter>Header Files</Filter>
    </ClInclude>
    <ClInclude Include="src\lib\macos.h">
      <Filter>Header Files</Filter>
    </ClInclude>
    <ClInclude Include="src\lib\memdebug.h">
      <Filter>Header Files</Filter>
    </ClInclude>
    <ClInclude Include="src\lib\mime.h">
      <Filter>Header Files</Filter>
    </ClInclude>
    <ClInclude Include="src\lib\mqtt.h">
      <Filter>Header Files</Filter>
    </ClInclude>
    <ClInclude Include="src\lib\multi_ev.h">
      <Filter>Header Files</Filter>
    </ClInclude>
    <ClInclude Include="src\lib\multihandle.h">
      <Filter>Header Files</Filter>
    </ClInclude>
    <ClInclude Include="src\lib\multiif.h">
      <Filter>Header Files</Filter>
    </ClInclude>
    <ClInclude Include="src\lib\netrc.h">
      <Filter>Header Files</Filter>
    </ClInclude>
    <ClInclude Include="src\lib\nonblock.h">
      <Filter>Header Files</Filter>
    </ClInclude>
    <ClInclude Include="src\lib\noproxy.h">
      <Filter>Header Files</Filter>
    </ClInclude>
    <ClInclude Include="src\lib\parsedate.h">
      <Filter>Header Files</Filter>
    </ClInclude>
    <ClInclude Include="src\lib\pingpong.h">
      <Filter>Header Files</Filter>
    </ClInclude>
    <ClInclude Include="src\lib\pop3.h">
      <Filter>Header Files</Filter>
    </ClInclude>
    <ClInclude Include="src\lib\progress.h">
      <Filter>Header Files</Filter>
    </ClInclude>
    <ClInclude Include="src\lib\psl.h">
      <Filter>Header Files</Filter>
    </ClInclude>
    <ClInclude Include="src\lib\rand.h">
      <Filter>Header Files</Filter>
    </ClInclude>
    <ClInclude Include="src\lib\rename.h">
      <Filter>Header Files</Filter>
    </ClInclude>
    <ClInclude Include="src\lib\request.h">
      <Filter>Header Files</Filter>
    </ClInclude>
    <ClInclude Include="src\lib\rtsp.h">
      <Filter>Header Files</Filter>
    </ClInclude>
    <ClInclude Include="src\lib\select.h">
      <Filter>Header Files</Filter>
    </ClInclude>
    <ClInclude Include="src\lib\sendf.h">
      <Filter>Header Files</Filter>
    </ClInclude>
    <ClInclude Include="src\lib\setopt.h">
      <Filter>Header Files</Filter>
    </ClInclude>
    <ClInclude Include="src\lib\setup-os400.h">
      <Filter>Header Files</Filter>
    </ClInclude>
    <ClInclude Include="src\lib\setup-vms.h">
      <Filter>Header Files</Filter>
    </ClInclude>
    <ClInclude Include="src\lib\setup-win32.h">
      <Filter>Header Files</Filter>
    </ClInclude>
    <ClInclude Include="src\lib\share.h">
      <Filter>Header Files</Filter>
    </ClInclude>
    <ClInclude Include="src\lib\sigpipe.h">
      <Filter>Header Files</Filter>
    </ClInclude>
    <ClInclude Include="src\lib\slist.h">
      <Filter>Header Files</Filter>
    </ClInclude>
    <ClInclude Include="src\lib\smb.h">
      <Filter>Header Files</Filter>
    </ClInclude>
    <ClInclude Include="src\lib\smtp.h">
      <Filter>Header Files</Filter>
    </ClInclude>
    <ClInclude Include="src\lib\sockaddr.h">
      <Filter>Header Files</Filter>
    </ClInclude>
    <ClInclude Include="src\lib\socketpair.h">
      <Filter>Header Files</Filter>
    </ClInclude>
    <ClInclude Include="src\lib\socks.h">
      <Filter>Header Files</Filter>
    </ClInclude>
    <ClInclude Include="src\lib\speedcheck.h">
      <Filter>Header Files</Filter>
    </ClInclude>
    <ClInclude Include="src\lib\splay.h">
      <Filter>Header Files</Filter>
    </ClInclude>
    <ClInclude Include="src\lib\strcase.h">
      <Filter>Header Files</Filter>
    </ClInclude>
    <ClInclude Include="src\lib\strdup.h">
      <Filter>Header Files</Filter>
    </ClInclude>
    <ClInclude Include="src\lib\strerror.h">
      <Filter>Header Files</Filter>
    </ClInclude>
    <ClInclude Include="src\lib\strparse.h">
      <Filter>Header Files</Filter>
    </ClInclude>
    <ClInclude Include="src\lib\system_win32.h">
      <Filter>Header Files</Filter>
    </ClInclude>
    <ClInclude Include="src\lib\telnet.h">
      <Filter>Header Files</Filter>
    </ClInclude>
    <ClInclude Include="src\lib\tftp.h">
      <Filter>Header Files</Filter>
    </ClInclude>
    <ClInclude Include="src\lib\timediff.h">
      <Filter>Header Files</Filter>
    </ClInclude>
    <ClInclude Include="src\lib\timeval.h">
      <Filter>Header Files</Filter>
    </ClInclude>
    <ClInclude Include="src\lib\transfer.h">
      <Filter>Header Files</Filter>
    </ClInclude>
    <ClInclude Include="src\lib\url.h">
      <Filter>Header Files</Filter>
    </ClInclude>
    <ClInclude Include="src\lib\urlapi-int.h">
      <Filter>Header Files</Filter>
    </ClInclude>
    <ClInclude Include="src\lib\urldata.h">
      <Filter>Header Files</Filter>
    </ClInclude>
    <ClInclude Include="src\lib\version_win32.h">
      <Filter>Header Files</Filter>
    </ClInclude>
    <ClInclude Include="src\lib\warnless.h">
      <Filter>Header Files</Filter>
    </ClInclude>
    <ClInclude Include="src\lib\ws.h">
      <Filter>Header Files</Filter>
    </ClInclude>
    <ClInclude Include="src\curlx.h">
      <Filter>Header Files</Filter>
    </ClInclude>
    <ClInclude Include="src\altsvc.h">
      <Filter>Header Files</Filter>
    </ClInclude>
    <ClInclude Include="src\amigaos.h">
      <Filter>Header Files</Filter>
    </ClInclude>
    <ClInclude Include="src\arpa_telnet.h">
      <Filter>Header Files</Filter>
    </ClInclude>
    <ClInclude Include="src\asyn.h">
      <Filter>Header Files</Filter>
    </ClInclude>
    <ClInclude Include="src\bufq.h">
      <Filter>Header Files</Filter>
    </ClInclude>
    <ClInclude Include="src\bufref.h">
      <Filter>Header Files</Filter>
    </ClInclude>
    <ClInclude Include="src\cf-h1-proxy.h">
      <Filter>Header Files</Filter>
    </ClInclude>
    <ClInclude Include="src\cf-h2-proxy.h">
      <Filter>Header Files</Filter>
    </ClInclude>
    <ClInclude Include="src\cf-haproxy.h">
      <Filter>Header Files</Filter>
    </ClInclude>
    <ClInclude Include="src\cf-https-connect.h">
      <Filter>Header Files</Filter>
    </ClInclude>
    <ClInclude Include="src\cfilters.h">
      <Filter>Header Files</Filter>
    </ClInclude>
    <ClInclude Include="src\cf-socket.h">
      <Filter>Header Files</Filter>
    </ClInclude>
    <ClInclude Include="src\config-mac.h">
      <Filter>Header Files</Filter>
    </ClInclude>
    <ClInclude Include="src\config-os400.h">
      <Filter>Header Files</Filter>
    </ClInclude>
    <ClInclude Include="src\config-plan9.h">
      <Filter>Header Files</Filter>
    </ClInclude>
    <ClInclude Include="src\config-riscos.h">
      <Filter>Header Files</Filter>
    </ClInclude>
    <ClInclude Include="src\config-win32.h">
      <Filter>Header Files</Filter>
    </ClInclude>
    <ClInclude Include="src\conncache.h">
      <Filter>Header Files</Filter>
    </ClInclude>
    <ClInclude Include="src\connect.h">
      <Filter>Header Files</Filter>
    </ClInclude>
    <ClInclude Include="src\content_encoding.h">
      <Filter>Header Files</Filter>
    </ClInclude>
    <ClInclude Include="src\cookie.h">
      <Filter>Header Files</Filter>
    </ClInclude>
    <ClInclude Include="src\cshutdn.h">
      <Filter>Header Files</Filter>
    </ClInclude>
    <ClInclude Include="src\curl_addrinfo.h">
      <Filter>Header Files</Filter>
    </ClInclude>
    <ClInclude Include="src\curl_base64.h">
      <Filter>Header Files</Filter>
    </ClInclude>
    <ClInclude Include="src\curl_ctype.h">
      <Filter>Header Files</Filter>
    </ClInclude>
    <ClInclude Include="src\curl_des.h">
      <Filter>Header Files</Filter>
    </ClInclude>
    <ClInclude Include="src\curl_endian.h">
      <Filter>Header Files</Filter>
    </ClInclude>
    <ClInclude Include="src\curl_fnmatch.h">
      <Filter>Header Files</Filter>
    </ClInclude>
    <ClInclude Include="src\curl_get_line.h">
      <Filter>Header Files</Filter>
    </ClInclude>
    <ClInclude Include="src\curl_gethostname.h">
      <Filter>Header Files</Filter>
    </ClInclude>
    <ClInclude Include="src\curl_gssapi.h">
      <Filter>Header Files</Filter>
    </ClInclude>
    <ClInclude Include="src\curl_hmac.h">
      <Filter>Header Files</Filter>
    </ClInclude>
    <ClInclude Include="src\curl_krb5.h">
      <Filter>Header Files</Filter>
    </ClInclude>
    <ClInclude Include="src\curl_ldap.h">
      <Filter>Header Files</Filter>
    </ClInclude>
    <ClInclude Include="src\curl_md4.h">
      <Filter>Header Files</Filter>
    </ClInclude>
    <ClInclude Include="src\curl_md5.h">
      <Filter>Header Files</Filter>
    </ClInclude>
    <ClInclude Include="src\curl_memory.h">
      <Filter>Header Files</Filter>
    </ClInclude>
    <ClInclude Include="src\curl_memrchr.h">
      <Filter>Header Files</Filter>
    </ClInclude>
    <ClInclude Include="src\curl_multibyte.h">
      <Filter>Header Files</Filter>
    </ClInclude>
    <ClInclude Include="src\curl_ntlm_core.h">
      <Filter>Header Files</Filter>
    </ClInclude>
    <ClInclude Include="src\curl_printf.h">
      <Filter>Header Files</Filter>
    </ClInclude>
    <ClInclude Include="src\curl_range.h">
      <Filter>Header Files</Filter>
    </ClInclude>
    <ClInclude Include="src\curl_rtmp.h">
      <Filter>Header Files</Filter>
    </ClInclude>
    <ClInclude Include="src\curl_sasl.h">
      <Filter>Header Files</Filter>
    </ClInclude>
    <ClInclude Include="src\curl_setup.h">
      <Filter>Header Files</Filter>
    </ClInclude>
    <ClInclude Include="src\curl_setup_once.h">
      <Filter>Header Files</Filter>
    </ClInclude>
    <ClInclude Include="src\curl_sha256.h">
      <Filter>Header Files</Filter>
    </ClInclude>
    <ClInclude Include="src\curl_sha512_256.h">
      <Filter>Header Files</Filter>
    </ClInclude>
    <ClInclude Include="src\curl_sspi.h">
      <Filter>Header Files</Filter>
    </ClInclude>
    <ClInclude Include="src\curl_threads.h">
      <Filter>Header Files</Filter>
    </ClInclude>
    <ClInclude Include="src\curl_trc.h">
      <Filter>Header Files</Filter>
    </ClInclude>
    <ClInclude Include="src\cw-out.h">
      <Filter>Header Files</Filter>
    </ClInclude>
    <ClInclude Include="src\cw-pause.h">
      <Filter>Header Files</Filter>
    </ClInclude>
    <ClInclude Include="src\dict.h">
      <Filter>Header Files</Filter>
    </ClInclude>
    <ClInclude Include="src\doh.h">
      <Filter>Header Files</Filter>
    </ClInclude>
    <ClInclude Include="src\dynbuf.h">
      <Filter>Header Files</Filter>
    </ClInclude>
    <ClInclude Include="src\dynhds.h">
      <Filter>Header Files</Filter>
    </ClInclude>
    <ClInclude Include="src\easy_lock.h">
      <Filter>Header Files</Filter>
    </ClInclude>
    <ClInclude Include="src\easyif.h">
      <Filter>Header Files</Filter>
    </ClInclude>
    <ClInclude Include="src\easyoptions.h">
      <Filter>Header Files</Filter>
    </ClInclude>
    <ClInclude Include="src\escape.h">
      <Filter>Header Files</Filter>
    </ClInclude>
    <ClInclude Include="src\file.h">
      <Filter>Header Files</Filter>
    </ClInclude>
    <ClInclude Include="src\fileinfo.h">
      <Filter>Header Files</Filter>
    </ClInclude>
    <ClInclude Include="src\fopen.h">
      <Filter>Header Files</Filter>
    </ClInclude>
    <ClInclude Include="src\formdata.h">
      <Filter>Header Files</Filter>
    </ClInclude>
    <ClInclude Include="src\ftp.h">
      <Filter>Header Files</Filter>
    </ClInclude>
    <ClInclude Include="src\ftplistparser.h">
      <Filter>Header Files</Filter>
    </ClInclude>
    <ClInclude Include="src\functypes.h">
      <Filter>Header Files</Filter>
    </ClInclude>
    <ClInclude Include="src\getinfo.h">
      <Filter>Header Files</Filter>
    </ClInclude>
    <ClInclude Include="src\gopher.h">
      <Filter>Header Files</Filter>
    </ClInclude>
    <ClInclude Include="src\hash.h">
      <Filter>Header Files</Filter>
    </ClInclude>
    <ClInclude Include="src\hash_offt.h">
      <Filter>Header Files</Filter>
    </ClInclude>
    <ClInclude Include="src\headers.h">
      <Filter>Header Files</Filter>
    </ClInclude>
    <ClInclude Include="src\hostip.h">
      <Filter>Header Files</Filter>
    </ClInclude>
    <ClInclude Include="src\hsts.h">
      <Filter>Header Files</Filter>
    </ClInclude>
    <ClInclude Include="src\http.h">
      <Filter>Header Files</Filter>
    </ClInclude>
    <ClInclude Include="src\http_aws_sigv4.h">
      <Filter>Header Files</Filter>
    </ClInclude>
    <ClInclude Include="src\http_chunks.h">
      <Filter>Header Files</Filter>
    </ClInclude>
    <ClInclude Include="src\http_digest.h">
      <Filter>Header Files</Filter>
    </ClInclude>
    <ClInclude Include="src\http_negotiate.h">
      <Filter>Header Files</Filter>
    </ClInclude>
    <ClInclude Include="src\http_ntlm.h">
      <Filter>Header Files</Filter>
    </ClInclude>
    <ClInclude Include="src\http_proxy.h">
      <Filter>Header Files</Filter>
    </ClInclude>
    <ClInclude Include="src\http1.h">
      <Filter>Header Files</Filter>
    </ClInclude>
    <ClInclude Include="src\http2.h">
      <Filter>Header Files</Filter>
    </ClInclude>
    <ClInclude Include="src\httpsrr.h">
      <Filter>Header Files</Filter>
    </ClInclude>
    <ClInclude Include="src\idn.h">
      <Filter>Header Files</Filter>
    </ClInclude>
    <ClInclude Include="src\if2ip.h">
      <Filter>Header Files</Filter>
    </ClInclude>
    <ClInclude Include="src\imap.h">
      <Filter>Header Files</Filter>
    </ClInclude>
    <ClInclude Include="src\inet_ntop.h">
      <Filter>Header Files</Filter>
    </ClInclude>
    <ClInclude Include="src\inet_pton.h">
      <Filter>Header Files</Filter>
    </ClInclude>
    <ClInclude Include="src\llist.h">
      <Filter>Header Files</Filter>
    </ClInclude>
    <ClInclude Include="src\macos.h">
      <Filter>Header Files</Filter>
    </ClInclude>
    <ClInclude Include="src\memdebug.h">
      <Filter>Header Files</Filter>
    </ClInclude>
    <ClInclude Include="src\mime.h">
      <Filter>Header Files</Filter>
    </ClInclude>
    <ClInclude Include="src\mqtt.h">
      <Filter>Header Files</Filter>
    </ClInclude>
    <ClInclude Include="src\multi_ev.h">
      <Filter>Header Files</Filter>
    </ClInclude>
    <ClInclude Include="src\multihandle.h">
      <Filter>Header Files</Filter>
    </ClInclude>
    <ClInclude Include="src\multiif.h">
      <Filter>Header Files</Filter>
    </ClInclude>
    <ClInclude Include="src\netrc.h">
      <Filter>Header Files</Filter>
    </ClInclude>
    <ClInclude Include="src\nonblock.h">
      <Filter>Header Files</Filter>
    </ClInclude>
    <ClInclude Include="src\noproxy.h">
      <Filter>Header Files</Filter>
    </ClInclude>
    <ClInclude Include="src\parsedate.h">
      <Filter>Header Files</Filter>
    </ClInclude>
    <ClInclude Include="src\pingpong.h">
      <Filter>Header Files</Filter>
    </ClInclude>
    <ClInclude Include="src\pop3.h">
      <Filter>Header Files</Filter>
    </ClInclude>
    <ClInclude Include="src\progress.h">
      <Filter>Header Files</Filter>
    </ClInclude>
    <ClInclude Include="src\psl.h">
      <Filter>Header Files</Filter>
    </ClInclude>
    <ClInclude Include="src\rand.h">
      <Filter>Header Files</Filter>
    </ClInclude>
    <ClInclude Include="src\rename.h">
      <Filter>Header Files</Filter>
    </ClInclude>
    <ClInclude Include="src\request.h">
      <Filter>Header Files</Filter>
    </ClInclude>
    <ClInclude Include="src\rtsp.h">
      <Filter>Header Files</Filter>
    </ClInclude>
    <ClInclude Include="src\select.h">
      <Filter>Header Files</Filter>
    </ClInclude>
    <ClInclude Include="src\sendf.h">
      <Filter>Header Files</Filter>
    </ClInclude>
    <ClInclude Include="src\setopt.h">
      <Filter>Header Files</Filter>
    </ClInclude>
    <ClInclude Include="src\setup-os400.h">
      <Filter>Header Files</Filter>
    </ClInclude>
    <ClInclude Include="src\setup-vms.h">
      <Filter>Header Files</Filter>
    </ClInclude>
    <ClInclude Include="src\setup-win32.h">
      <Filter>Header Files</Filter>
    </ClInclude>
    <ClInclude Include="src\share.h">
      <Filter>Header Files</Filter>
    </ClInclude>
    <ClInclude Include="src\sigpipe.h">
      <Filter>Header Files</Filter>
    </ClInclude>
    <ClInclude Include="src\slist.h">
      <Filter>Header Files</Filter>
    </ClInclude>
    <ClInclude Include="src\smb.h">
      <Filter>Header Files</Filter>
    </ClInclude>
    <ClInclude Include="src\smtp.h">
      <Filter>Header Files</Filter>
    </ClInclude>
    <ClInclude Include="src\sockaddr.h">
      <Filter>Header Files</Filter>
    </ClInclude>
    <ClInclude Include="src\socketpair.h">
      <Filter>Header Files</Filter>
    </ClInclude>
    <ClInclude Include="src\socks.h">
      <Filter>Header Files</Filter>
    </ClInclude>
    <ClInclude Include="src\speedcheck.h">
      <Filter>Header Files</Filter>
    </ClInclude>
    <ClInclude Include="src\splay.h">
      <Filter>Header Files</Filter>
    </ClInclude>
    <ClInclude Include="src\strcase.h">
      <Filter>Header Files</Filter>
    </ClInclude>
    <ClInclude Include="src\strdup.h">
      <Filter>Header Files</Filter>
    </ClInclude>
    <ClInclude Include="src\strerror.h">
      <Filter>Header Files</Filter>
    </ClInclude>
    <ClInclude Include="src\strparse.h">
      <Filter>Header Files</Filter>
    </ClInclude>
    <ClInclude Include="src\system_win32.h">
      <Filter>Header Files</Filter>
    </ClInclude>
    <ClInclude Include="src\telnet.h">
      <Filter>Header Files</Filter>
    </ClInclude>
    <ClInclude Include="src\tftp.h">
      <Filter>Header Files</Filter>
    </ClInclude>
    <ClInclude Include="src\timediff.h">
      <Filter>Header Files</Filter>
    </ClInclude>
    <ClInclude Include="src\timeval.h">
      <Filter>Header Files</Filter>
    </ClInclude>
    <ClInclude Include="src\transfer.h">
      <Filter>Header Files</Filter>
    </ClInclude>
    <ClInclude Include="src\url.h">
      <Filter>Header Files</Filter>
    </ClInclude>
    <ClInclude Include="src\urlapi-int.h">
      <Filter>Header Files</Filter>
    </ClInclude>
    <ClInclude Include="src\urldata.h">
      <Filter>Header Files</Filter>
    </ClInclude>
    <ClInclude Include="src\version_win32.h">
      <Filter>Header Files</Filter>
    </ClInclude>
    <ClInclude Include="src\warnless.h">
      <Filter>Header Files</Filter>
    </ClInclude>
    <ClInclude Include="src\ws.h">
      <Filter>Header Files</Filter>
    </ClInclude>
    <ClInclude Include="include\zlib\crc32.h">
      <Filter>Header Files</Filter>
    </ClInclude>
    <ClInclude Include="include\zlib\deflate.h">
      <Filter>Header Files</Filter>
    </ClInclude>
    <ClInclude Include="include\zlib\gzguts.h">
      <Filter>Header Files</Filter>
    </ClInclude>
    <ClInclude Include="include\zlib\inffast.h">
      <Filter>Header Files</Filter>
    </ClInclude>
    <ClInclude Include="include\zlib\inffixed.h">
      <Filter>Header Files</Filter>
    </ClInclude>
    <ClInclude Include="include\zlib\inflate.h">
      <Filter>Header Files</Filter>
    </ClInclude>
    <ClInclude Include="include\zlib\inftrees.h">
      <Filter>Header Files</Filter>
    </ClInclude>
    <ClInclude Include="include\zlib\trees.h">
      <Filter>Header Files</Filter>
    </ClInclude>
    <ClInclude Include="include\zlib\zconf.h">
      <Filter>Header Files</Filter>
    </ClInclude>
    <ClInclude Include="include\zlib\zlib.h">
      <Filter>Header Files</Filter>
    </ClInclude>
    <ClInclude Include="include\zlib\zutil.h">
      <Filter>Header Files</Filter>
    </ClInclude>
    <ClInclude Include="utility.h">
      <Filter>Header Files</Filter>
    </ClInclude>
    <ClInclude Include="Pet.h">
      <Filter>Header Files</Filter>
    </ClInclude>
  </ItemGroup>
  <ItemGroup>
    <None Include="src\lib\Makefile.inc">
      <Filter>Header Files</Filter>
    </None>
    <None Include="x64\auctionRequest.json" />
    <None Include="x64\itemsRequest.json" />
    <None Include="x64\items.values" />
    <None Include="itemData.info" />
    <None Include="petData.info" />
  </ItemGroup>
  <ItemGroup>
    <ClCompile Include="include\zlib\adler32.c">
      <Filter>Source Files</Filter>
    </ClCompile>
    <ClCompile Include="include\zlib\compress.c">
      <Filter>Source Files</Filter>
    </ClCompile>
    <ClCompile Include="include\zlib\crc32.c">
      <Filter>Source Files</Filter>
    </ClCompile>
    <ClCompile Include="include\zlib\deflate.c">
      <Filter>Source Files</Filter>
    </ClCompile>
    <ClCompile Include="include\zlib\infback.c">
      <Filter>Source Files</Filter>
    </ClCompile>
    <ClCompile Include="include\zlib\inffast.c">
      <Filter>Source Files</Filter>
    </ClCompile>
    <ClCompile Include="include\zlib\inflate.c">
      <Filter>Source Files</Filter>
    </ClCompile>
    <ClCompile Include="include\zlib\inftrees.c">
      <Filter>Source Files</Filter>
    </ClCompile>
    <ClCompile Include="include\zlib\trees.c">
      <Filter>Source Files</Filter>
    </ClCompile>
    <ClCompile Include="include\zlib\uncompr.c">
      <Filter>Source Files</Filter>
    </ClCompile>
    <ClCompile Include="include\zlib\zutil.c">
      <Filter>Source Files</Filter>
    </ClCompile>
    <ClCompile Include="auctionFlipper.cpp">
      <Filter>Source Files</Filter>
    </ClCompile>
    <ClCompile Include="utility.cpp">
      <Filter>Source Files</Filter>
    </ClCompile>
    <ClCompile Include="Pet.cpp">
      <Filter>Source Files</Filter>
    </ClCompile>
  </ItemGroup>
</Project>